github.com/favclip/golidator v2.1.1+incompatible h1:ktb02g0J1vXnhB6LaTmffeROb5Wxacr6nJkw4cKs9/Q=
github.com/favclip/golidator v2.1.1+incompatible/go.mod h1:ruXV1d2tSVPa7CCm99hW+DYn58ac/sM5eeL73+Y7k1w=
github.com/favclip/ucon v2.2.1+incompatible h1:e+WXuCWcbqDAI/boTFGuKlzgfw+FtAycscaib/v0MUk=
github.com/favclip/ucon v2.2.1+incompatible/go.mod h1:QIZiWd938m7Mf8T+lGtDLQe9xVWnJhTPuQwGKfEb9dw=
